
Microsoft Visual Studio Solution File, Format Version 12.00
# Visual Studio Version 17
VisualStudioVersion = 17.14.37027.9 d17.14
MinimumVisualStudioVersion = 10.0.40219.1
Project("{FAE04EC0-301F-11D3-BF4B-00C04F79EFBC}") = "Consola", "Consola\Consola.csproj", "{97DF692C-BE07-40AE-A218-569FEF510184}"
EndProject
Project("{FAE04EC0-301F-11D3-BF4B-00C04F79EFBC}") = "BE", "BE\BE.csproj", "{BA1625A0-21A4-4922-9C5F-9FB55244DDA0}"
EndProject
Project("{FAE04EC0-301F-11D3-BF4B-00C04F79EFBC}") = "BLL", "BLL\BLL.csproj", "{8927581B-7734-4CFE-9321-30973868B414}"
EndProject
Project("{FAE04EC0-301F-11D3-BF4B-00C04F79EFBC}") = "DAL", "DAL\DAL.csproj", "{F41213F3-463C-49D2-B570-4BA9CB19D615}"
EndProject
Project("{FAE04EC0-301F-11D3-BF4B-00C04F79EFBC}") = "Service", "Service\Service.csproj", "{2CFD5C75-F22C-42BA-AA3D-44502D3D2138}"
EndProject
Global
	GlobalSection(SolutionConfigurationPlatforms) = preSolution
		Debug|Any CPU = Debug|Any CPU
		Release|Any CPU = Release|Any CPU
	EndGlobalSection
	GlobalSection(ProjectConfigurationPlatforms) = postSolution
		{97DF692C-BE07-40AE-A218-569FEF510184}.Debug|Any CPU.ActiveCfg = Debug|Any CPU
		{97DF692C-BE07-40AE-A218-569FEF510184}.Debug|Any CPU.Build.0 = Debug|Any CPU
		{97DF692C-BE07-40AE-A218-569FEF510184}.Release|Any CPU.ActiveCfg = Release|Any CPU
		{97DF692C-BE07-40AE-A218-569FEF510184}.Release|Any CPU.Build.0 = Release|Any CPU
		{BA1625A0-21A4-4922-9C5F-9FB55244DDA0}.Debug|Any CPU.ActiveCfg = Debug|Any CPU
		{BA1625A0-21A4-4922-9C5F-9FB55244DDA0}.Debug|Any CPU.Build.0 = Debug|Any CPU
		{BA1625A0-21A4-4922-9C5F-9FB55244DDA0}.Release|Any CPU.ActiveCfg = Release|Any CPU
		{BA1625A0-21A4-4922-9C5F-9FB55244DDA0}.Release|Any CPU.Build.0 = Release|Any CPU
		{8927581B-7734-4CFE-9321-30973868B414}.Debug|Any CPU.ActiveCfg = Debug|Any CPU
		{8927581B-7734-4CFE-9321-30973868B414}.Debug|Any CPU.Build.0 = Debug|Any CPU
		{8927581B-7734-4CFE-9321-30973868B414}.Release|Any CPU.ActiveCfg = Release|Any CPU
		{8927581B-7734-4CFE-9321-30973868B414}.Release|Any CPU.Build.0 = Release|Any CPU
		{F41213F3-463C-49D2-B570-4BA9CB19D615}.Debug|Any CPU.ActiveCfg = Debug|Any CPU
		{F41213F3-463C-49D2-B570-4BA9CB19D615}.Debug|Any CPU.Build.0 = Debug|Any CPU
		{F41213F3-463C-49D2-B570-4BA9CB19D615}.Release|Any CPU.ActiveCfg = Release|Any CPU
		{F41213F3-463C-49D2-B570-4BA9CB19D615}.Release|Any CPU.Build.0 = Release|Any CPU
		{2CFD5C75-F22C-42BA-AA3D-44502D3D2138}.Debug|Any CPU.ActiveCfg = Debug|Any CPU
		{2CFD5C75-F22C-42BA-AA3D-44502D3D2138}.Debug|Any CPU.Build.0 = Debug|Any CPU
		{2CFD5C75-F22C-42BA-AA3D-44502D3D2138}.Release|Any CPU.ActiveCfg = Release|Any CPU
		{2CFD5C75-F22C-42BA-AA3D-44502D3D2138}.Release|Any CPU.Build.0 = Release|Any CPU
	EndGlobalSection
	GlobalSection(SolutionProperties) = preSolution
		HideSolutionNode = FALSE
	EndGlobalSection
	GlobalSection(ExtensibilityGlobals) = postSolution
		SolutionGuid = {8813DBBC-CE6E-4719-BAC2-1E9642B854BA}
	EndGlobalSection
EndGlobal
